
Microsoft Visual Studio Solution File, Format Version 12.00
# Visual Studio Version 17
VisualStudioVersion = 17.8.34112.27
MinimumVisualStudioVersion = 10.0.40219.1
Project("{FAE04EC0-301F-11D3-BF4B-00C04F79EFBC}") = "VACT", "VACT\VACT.csproj", "{4E1B0AF2-A311-4FC2-B5FB-F3B2C6C0D687}"
EndProject
Project("{9A19103F-16F7-4668-BE54-9A1E7A4F7556}") = "VACT.Application", "VACT.Application\VACT.Application.csproj", "{CD9E1961-2701-413A-99E3-5BC1DCD7413F}"
EndProject
Global
	GlobalSection(SolutionConfigurationPlatforms) = preSolution
		Debug|Any CPU = Debug|Any CPU
		Release|Any CPU = Release|Any CPU
	EndGlobalSection
	GlobalSection(ProjectConfigurationPlatforms) = postSolution
		{4E1B0AF2-A311-4FC2-B5FB-F3B2C6C0D687}.Debug|Any CPU.ActiveCfg = Debug|Any CPU
		{4E1B0AF2-A311-4FC2-B5FB-F3B2C6C0D687}.Debug|Any CPU.Build.0 = Debug|Any CPU
		{4E1B0AF2-A311-4FC2-B5FB-F3B2C6C0D687}.Debug|Any CPU.Deploy.0 = Debug|Any CPU
		{4E1B0AF2-A311-4FC2-B5FB-F3B2C6C0D687}.Release|Any CPU.ActiveCfg = Release|Any CPU
		{4E1B0AF2-A311-4FC2-B5FB-F3B2C6C0D687}.Release|Any CPU.Build.0 = Release|Any CPU
		{4E1B0AF2-A311-4FC2-B5FB-F3B2C6C0D687}.Release|Any CPU.Deploy.0 = Release|Any CPU
		{CD9E1961-2701-413A-99E3-5BC1DCD7413F}.Debug|Any CPU.ActiveCfg = Debug|Any CPU
		{CD9E1961-2701-413A-99E3-5BC1DCD7413F}.Debug|Any CPU.Build.0 = Debug|Any CPU
		{CD9E1961-2701-413A-99E3-5BC1DCD7413F}.Release|Any CPU.ActiveCfg = Release|Any CPU
		{CD9E1961-2701-413A-99E3-5BC1DCD7413F}.Release|Any CPU.Build.0 = Release|Any CPU
	EndGlobalSection
	GlobalSection(SolutionProperties) = preSolution
		HideSolutionNode = FALSE
	EndGlobalSection
	GlobalSection(ExtensibilityGlobals) = postSolution
		SolutionGuid = {61F2102D-9C8F-4844-ABAE-B60E5D74DB42}
	EndGlobalSection
EndGlobal
